{
  "name": "React JS",
  "lockfileVersion": 3,
  "requires": true,
  "packages": {
    "": {
      "dependencies": {
        "lucide": "^1.3.0",
        "remixicon": "^4.9.1"
      }
    },
    "node_modules/lucide": {
      "version": "1.3.0",
      "resolved": "https://registry.npmjs.org/lucide/-/lucide-1.3.0.tgz",
      "integrity": "sha512-8/98ZCQjNDdfOjSycUujwqxKNrq97WPzdlNBR6tG7BqZgiOFQqzJuFapIpjPceW57sJv3zGIBg0L3SWR7c4fqA==",
      "license": "ISC"
    },
    "node_modules/remixicon": {
      "version": "4.9.1",
      "resolved": "https://registry.npmjs.org/remixicon/-/remixicon-4.9.1.tgz",
      "integrity": "sha512-36gLSoujkabnCFZFDyP17VNh9piuBA/rsXUb4auSJWLGsHVXtmxLj/EM5FjaEAGnk8oIAj1Azob/DZ2N+90lAQ==",
      "license": "Apache-2.0"
    }
  }
}
